lockfileVersion: '9.0'

settings:
  autoInstallPeers: true
  excludeLinksFromLockfile: false

importers:

  .:
    dependencies:
      qrcode-terminal:
        specifier: ^0.12.0
        version: 0.12.0
      typebox:
        specifier: '*'
        version: 1.1.33
    devDependencies:
      typescript:
        specifier: ^5.0.0
        version: 5.9.3

packages:

  qrcode-terminal@0.12.0:
    resolution: {integrity: sha512-EXtzRZmC+YGmGlDFbXKxQiMZNwCLEO6BANKXG4iCtSIM0yqc/pappSx3RIKr4r0uh5JsBckOXeKrB3Iz7mdQpQ==}
    hasBin: true

  typebox@1.1.33:
    resolution: {integrity: sha512-+/MWwlQ1q2GSVwoxi/+u5JsHkgLQKcCN2Nsjree9c+K7GJu40qbaHrFETmfV1i9Fs1TcOVfynW+jJvIWcXtvjw==}

  typescript@5.9.3:
    resolution: {integrity: sha512-jl1vZzPDinLr9eUt3J/t7V6FgNEw9QjvBPdysz9KfQDD41fQrC2Y4vKQdiaUpFT4bXlb1RHhLpp8wtm6M5TgSw==}
    engines: {node: '>=14.17'}
    hasBin: true

snapshots:

  qrcode-terminal@0.12.0: {}

  typebox@1.1.33: {}

  typescript@5.9.3: {}
